
Microsoft Visual Studio Solution File, Format Version 12.00
# Visual Studio Version 17
VisualStudioVersion = 17.11.35303.130
MinimumVisualStudioVersion = 10.0.40219.1
Project("{FAE04EC0-301F-11D3-BF4B-00C04F79EFBC}") = "LevenshteinDistanceCalculator", "LevenshteinDistanceCalculator\LevenshteinDistanceCalculator.csproj", "{18449B6F-4896-4556-B193-5BDCC80DD8D6}"
EndProject
Global
	GlobalSection(SolutionConfigurationPlatforms) = preSolution
		Debug|Any CPU = Debug|Any CPU
		Release|Any CPU = Release|Any CPU
	EndGlobalSection
	GlobalSection(ProjectConfigurationPlatforms) = postSolution
		{18449B6F-4896-4556-B193-5BDCC80DD8D6}.Debug|Any CPU.ActiveCfg = Debug|Any CPU
		{18449B6F-4896-4556-B193-5BDCC80DD8D6}.Debug|Any CPU.Build.0 = Debug|Any CPU
		{18449B6F-4896-4556-B193-5BDCC80DD8D6}.Release|Any CPU.ActiveCfg = Release|Any CPU
		{18449B6F-4896-4556-B193-5BDCC80DD8D6}.Release|Any CPU.Build.0 = Release|Any CPU
	EndGlobalSection
	GlobalSection(SolutionProperties) = preSolution
		HideSolutionNode = FALSE
	EndGlobalSection
	GlobalSection(ExtensibilityGlobals) = postSolution
		SolutionGuid = {30831C42-5A9E-41CA-9A4C-C4A17423205E}
	EndGlobalSection
EndGlobal
